
Microsoft Visual Studio Solution File, Format Version 12.00
# Visual Studio 15
Project("{FAE04EC0-301F-11D3-BF4B-00C04F79EFBC}") = "Tampere", "Tampere.csproj", "{EDDCBA9E-1480-C2D1-EC68-BFDEC0FF678E}"
EndProject
Project("{FAE04EC0-301F-11D3-BF4B-00C04F79EFBC}") = "Tampere.Editor", "Tampere.Editor.csproj", "{DB3DDE05-EE7E-D499-7A93-369FA1C52613}"
EndProject
Global
	GlobalSection(SolutionConfigurationPlatforms) = preSolution
		Debug|Any CPU = Debug|Any CPU
		Release|Any CPU = Release|Any CPU
	EndGlobalSection
	GlobalSection(ProjectConfigurationPlatforms) = postSolution
		{EDDCBA9E-1480-C2D1-EC68-BFDEC0FF678E}.Debug|Any CPU.ActiveCfg = Debug|Any CPU
		{EDDCBA9E-1480-C2D1-EC68-BFDEC0FF678E}.Debug|Any CPU.Build.0 = Debug|Any CPU
		{EDDCBA9E-1480-C2D1-EC68-BFDEC0FF678E}.Release|Any CPU.ActiveCfg = Release|Any CPU
		{EDDCBA9E-1480-C2D1-EC68-BFDEC0FF678E}.Release|Any CPU.Build.0 = Release|Any CPU
		{DB3DDE05-EE7E-D499-7A93-369FA1C52613}.Debug|Any CPU.ActiveCfg = Debug|Any CPU
		{DB3DDE05-EE7E-D499-7A93-369FA1C52613}.Debug|Any CPU.Build.0 = Debug|Any CPU
		{DB3DDE05-EE7E-D499-7A93-369FA1C52613}.Release|Any CPU.ActiveCfg = Release|Any CPU
		{DB3DDE05-EE7E-D499-7A93-369FA1C52613}.Release|Any CPU.Build.0 = Release|Any CPU
	EndGlobalSection
	GlobalSection(SolutionProperties) = preSolution
		HideSolutionNode = FALSE
	EndGlobalSection
EndGlobal
